
Microsoft Visual Studio Solution File, Format Version 12.00
# Visual Studio Version 17
VisualStudioVersion = 17.9.34723.18
MinimumVisualStudioVersion = 10.0.40219.1
Project("{9A19103F-16F7-4668-BE54-9A1E7A4F7556}") = "NFSLibrary", "NFSLibrary\NFSLibrary.csproj", "{3BAE52C4-75A4-427A-A751-D03459920F79}"
EndProject
Project("{FAE04EC0-301F-11D3-BF4B-00C04F79EFBC}") = "Test.Client", "Test.Client\Test.Client.csproj", "{2E411995-07ED-489A-A437-1E946C8E06B2}"
EndProject
Global
	GlobalSection(SolutionConfigurationPlatforms) = preSolution
		Debug|Any CPU = Debug|Any CPU
		Release|Any CPU = Release|Any CPU
	EndGlobalSection
	GlobalSection(ProjectConfigurationPlatforms) = postSolution
		{3BAE52C4-75A4-427A-A751-D03459920F79}.Debug|Any CPU.ActiveCfg = Debug|Any CPU
		{3BAE52C4-75A4-427A-A751-D03459920F79}.Debug|Any CPU.Build.0 = Debug|Any CPU
		{3BAE52C4-75A4-427A-A751-D03459920F79}.Release|Any CPU.ActiveCfg = Release|Any CPU
		{3BAE52C4-75A4-427A-A751-D03459920F79}.Release|Any CPU.Build.0 = Release|Any CPU
		{2E411995-07ED-489A-A437-1E946C8E06B2}.Debug|Any CPU.ActiveCfg = Debug|Any CPU
		{2E411995-07ED-489A-A437-1E946C8E06B2}.Debug|Any CPU.Build.0 = Debug|Any CPU
		{2E411995-07ED-489A-A437-1E946C8E06B2}.Release|Any CPU.ActiveCfg = Release|Any CPU
		{2E411995-07ED-489A-A437-1E946C8E06B2}.Release|Any CPU.Build.0 = Release|Any CPU
	EndGlobalSection
	GlobalSection(SolutionProperties) = preSolution
		HideSolutionNode = FALSE
	EndGlobalSection
	GlobalSection(ExtensibilityGlobals) = postSolution
		SolutionGuid = {4CA76A74-94FF-4F35-BAF3-707B97824496}
	EndGlobalSection
EndGlobal
